
Microsoft Visual Studio Solution File, Format Version 12.00
# Visual Studio 15
Project("{FAE04EC0-301F-11D3-BF4B-00C04F79EFBC}") = "Assembly-CSharp-Editor", "Assembly-CSharp-Editor.csproj", "{933C8D09-532B-9E2C-A0BE-BEE140369CEC}"
EndProject
Project("{FAE04EC0-301F-11D3-BF4B-00C04F79EFBC}") = "Assembly-CSharp", "Assembly-CSharp.csproj", "{42586ED1-A49B-B23C-C3AC-75D0661F8BEE}"
EndProject
Global
	GlobalSection(SolutionConfigurationPlatforms) = preSolution
		Debug|Any CPU = Debug|Any CPU
		Release|Any CPU = Release|Any CPU
	EndGlobalSection
	GlobalSection(ProjectConfigurationPlatforms) = postSolution
		{933C8D09-532B-9E2C-A0BE-BEE140369CEC}.Debug|Any CPU.ActiveCfg = Debug|Any CPU
		{933C8D09-532B-9E2C-A0BE-BEE140369CEC}.Debug|Any CPU.Build.0 = Debug|Any CPU
		{933C8D09-532B-9E2C-A0BE-BEE140369CEC}.Release|Any CPU.ActiveCfg = Release|Any CPU
		{933C8D09-532B-9E2C-A0BE-BEE140369CEC}.Release|Any CPU.Build.0 = Release|Any CPU
		{42586ED1-A49B-B23C-C3AC-75D0661F8BEE}.Debug|Any CPU.ActiveCfg = Debug|Any CPU
		{42586ED1-A49B-B23C-C3AC-75D0661F8BEE}.Debug|Any CPU.Build.0 = Debug|Any CPU
		{42586ED1-A49B-B23C-C3AC-75D0661F8BEE}.Release|Any CPU.ActiveCfg = Release|Any CPU
		{42586ED1-A49B-B23C-C3AC-75D0661F8BEE}.Release|Any CPU.Build.0 = Release|Any CPU
	EndGlobalSection
	GlobalSection(SolutionProperties) = preSolution
		HideSolutionNode = FALSE
	EndGlobalSection
EndGlobal
